
Microsoft Visual Studio Solution File, Format Version 12.00
# Visual Studio Version 17
VisualStudioVersion = 17.0.31903.59
MinimumVisualStudioVersion = 10.0.40219.1
Project("{FAE04EC0-301F-11D3-BF4B-00C04F79EFBC}") = "Fodbold - fan support paa laegterne", "Fodbold - fan support paa laegterne\Fodbold - fan support paa laegterne.csproj", "{21BB97F1-CABA-44EB-B281-3527F5076138}"
EndProject
Global
	GlobalSection(SolutionConfigurationPlatforms) = preSolution
		Debug|Any CPU = Debug|Any CPU
		Release|Any CPU = Release|Any CPU
	EndGlobalSection
	GlobalSection(ProjectConfigurationPlatforms) = postSolution
		{21BB97F1-CABA-44EB-B281-3527F5076138}.Debug|Any CPU.ActiveCfg = Debug|Any CPU
		{21BB97F1-CABA-44EB-B281-3527F5076138}.Debug|Any CPU.Build.0 = Debug|Any CPU
		{21BB97F1-CABA-44EB-B281-3527F5076138}.Release|Any CPU.ActiveCfg = Release|Any CPU
		{21BB97F1-CABA-44EB-B281-3527F5076138}.Release|Any CPU.Build.0 = Release|Any CPU
	EndGlobalSection
	GlobalSection(SolutionProperties) = preSolution
		HideSolutionNode = FALSE
	EndGlobalSection
	GlobalSection(ExtensibilityGlobals) = postSolution
		SolutionGuid = {2077B311-49C2-4851-AFF6-9CA706A697D5}
	EndGlobalSection
EndGlobal
